github.com/rwcarlsen/goexif v0.0.0-20190401172101-9e8deecbddbd h1:CmH9+J6ZSsIjUK3dcGsnCnO41eRBOnY12zwkn5qVwgc=
github.com/rwcarlsen/goexif v0.0.0-20190401172101-9e8deecbddbd/go.mod h1:hPqNNc0+uJM6H+SuU8sEs5K5IQeKccPqeSjfgcKGgPk=
github.com/simulot/lib v0.0.0-20220522133757-0d0cffe12fd4 h1:r5YHCgS316hOVsa1sixQrMkx7yvr7OwWugh92YGSZ2U=
github.com/simulot/lib v0.0.0-20220522133757-0d0cffe12fd4/go.mod h1:Vx23ZB+XpEUd6fvnaVOjZT59FSzTVtqjqq/mkmBfMk4=
